// !$*UTF8*$!
{
	archiveVersion = 1;
	classes = {
	};
	objectVersion = 46;
	objects = {

/* Begin PBXBuildFile section */
		1818B3D919E8C12D0025127B /* PLDrawerViewController.swift in Sources */ = {isa = PBXBuildFile; fileRef = 1818B3D719E8C12D0025127B /* PLDrawerViewController.swift */; };
		1818B3DA19E8C12D0025127B /* PLDrawerViewController.xib in Resources */ = {isa = PBXBuildFile; fileRef = 1818B3D819E8C12D0025127B /* PLDrawerViewController.xib */; };
		1818B3DF19E8C1AC0025127B /* HomeTableViewController.swift in Sources */ = {isa = PBXBuildFile; fileRef = 1818B3DD19E8C1AC0025127B /* HomeTableViewController.swift */; };
		1818B3E019E8C1AC0025127B /* HomeTableViewController.xib in Resources */ = {isa = PBXBuildFile; fileRef = 1818B3DE19E8C1AC0025127B /* HomeTableViewController.xib */; };
		1818B3E319E8C1F40025127B /* HomeTableViewCell.swift in Sources */ = {isa = PBXBuildFile; fileRef = 1818B3E119E8C1F40025127B /* HomeTableViewCell.swift */; };
		1818B3E419E8C1F40025127B /* HomeTableViewCell.xib in Resources */ = {isa = PBXBuildFile; fileRef = 1818B3E219E8C1F40025127B /* HomeTableViewCell.xib */; };
		1818B3E719E8C25C0025127B /* DrawerContentTableViewController.swift in Sources */ = {isa = PBXBuildFile; fileRef = 1818B3E519E8C25C0025127B /* DrawerContentTableViewController.swift */; };
		1818B3E819E8C25C0025127B /* DrawerContentTableViewController.xib in Resources */ = {isa = PBXBuildFile; fileRef = 1818B3E619E8C25C0025127B /* DrawerContentTableViewController.xib */; };
		1818B3EA19E8D5800025127B /* UIImageViewWebExt.swift in Sources */ = {isa = PBXBuildFile; fileRef = 1818B3E919E8D5800025127B /* UIImageViewWebExt.swift */; };
		1818B3EC19E8D5E70025127B /* avatar.png in Resources */ = {isa = PBXBuildFile; fileRef = 1818B3EB19E8D5E70025127B /* avatar.png */; };
		1818B3EE19E8D61F0025127B /* FileUtility.swift in Sources */ = {isa = PBXBuildFile; fileRef = 1818B3ED19E8D61F0025127B /* FileUtility.swift */; };
		18664D1D19E7A8A300F8F9E4 /* Trace.swift in Sources */ = {isa = PBXBuildFile; fileRef = 18664D1C19E7A8A300F8F9E4 /* Trace.swift */; };
		18664D1F19E7A99B00F8F9E4 /* Location.swift in Sources */ = {isa = PBXBuildFile; fileRef = 18664D1E19E7A99B00F8F9E4 /* Location.swift */; };
		18664D2119E7AEA900F8F9E4 /* DataUtil.swift in Sources */ = {isa = PBXBuildFile; fileRef = 18664D2019E7AEA900F8F9E4 /* DataUtil.swift */; };
		1868122D19E82F0300D989CD /* hamburger.png in Resources */ = {isa = PBXBuildFile; fileRef = 1868122C19E82F0300D989CD /* hamburger.png */; };
		187DCBB019E7CF7300732D46 /* UIKit.framework in Frameworks */ = {isa = PBXBuildFile; fileRef = 187DCBAF19E7CF7300732D46 /* UIKit.framework */; };
		18F85D2819E58EF100FDB2E6 /* AppDelegate.swift in Sources */ = {isa = PBXBuildFile; fileRef = 18F85D2719E58EF100FDB2E6 /* AppDelegate.swift */; };
		18F85D2F19E58EF100FDB2E6 /* Images.xcassets in Resources */ = {isa = PBXBuildFile; fileRef = 18F85D2E19E58EF100FDB2E6 /* Images.xcassets */; };
		18F85D3B19E58EF200FDB2E6 /* PinLocationTests.swift in Sources */ = {isa = PBXBuildFile; fileRef = 18F85D3A19E58EF200FDB2E6 /* PinLocationTests.swift */; };
/* End PBXBuildFile section */

/* Begin PBXContainerItemProxy section */
		187DCBAA19E7CB0800732D46 /* PBXContainerItemProxy */ = {
			isa = PBXContainerItemProxy;
			containerPortal = 18F85D1A19E58EF100FDB2E6 /* Project object */;
			proxyType = 1;
			remoteGlobalIDString = 18F85D2119E58EF100FDB2E6;
			remoteInfo = PinLocation;
		};
		18F85D3519E58EF200FDB2E6 /* PBXContainerItemProxy */ = {
			isa = PBXContainerItemProxy;
			containerPortal = 18F85D1A19E58EF100FDB2E6 /* Project object */;
			proxyType = 1;
			remoteGlobalIDString = 18F85D2119E58EF100FDB2E6;
			remoteInfo = PinLocation;
		};
/* End PBXContainerItemProxy section */

/* Begin PBXFileReference section */
		1818B3D719E8C12D0025127B /* PLDrawerViewController.swift */ = {isa = PBXFileReference; fileEncoding = 4; lastKnownFileType = sourcecode.swift; path = PLDrawerViewController.swift; sourceTree = "<group>"; };
		1818B3D819E8C12D0025127B /* PLDrawerViewController.xib */ = {isa = PBXFileReference; fileEncoding = 4; lastKnownFileType = file.xib; path = PLDrawerViewController.xib; sourceTree = "<group>"; };
		1818B3DD19E8C1AC0025127B /* HomeTableViewController.swift */ = {isa = PBXFileReference; fileEncoding = 4; lastKnownFileType = sourcecode.swift; path = HomeTableViewController.swift; sourceTree = "<group>"; };
		1818B3DE19E8C1AC0025127B /* HomeTableViewController.xib */ = {isa = PBXFileReference; fileEncoding = 4; lastKnownFileType = file.xib; path = HomeTableViewController.xib; sourceTree = "<group>"; };
		1818B3E119E8C1F40025127B /* HomeTableViewCell.swift */ = {isa = PBXFileReference; fileEncoding = 4; lastKnownFileType = sourcecode.swift; path = HomeTableViewCell.swift; sourceTree = "<group>"; };
		1818B3E219E8C1F40025127B /* HomeTableViewCell.xib */ = {isa = PBXFileReference; fileEncoding = 4; lastKnownFileType = file.xib; path = HomeTableViewCell.xib; sourceTree = "<group>"; };
		1818B3E519E8C25C0025127B /* DrawerContentTableViewController.swift */ = {isa = PBXFileReference; fileEncoding = 4; lastKnownFileType = sourcecode.swift; path = DrawerContentTableViewController.swift; sourceTree = "<group>"; };
		1818B3E619E8C25C0025127B /* DrawerContentTableViewController.xib */ = {isa = PBXFileReference; fileEncoding = 4; lastKnownFileType = file.xib; path = DrawerContentTableViewController.xib; sourceTree = "<group>"; };
		1818B3E919E8D5800025127B /* UIImageViewWebExt.swift */ = {isa = PBXFileReference; fileEncoding = 4; lastKnownFileType = sourcecode.swift; path = UIImageViewWebExt.swift; sourceTree = "<group>"; };
		1818B3EB19E8D5E70025127B /* avatar.png */ = {isa = PBXFileReference; lastKnownFileType = image.png; path = avatar.png; sourceTree = "<group>"; };
		1818B3ED19E8D61F0025127B /* FileUtility.swift */ = {isa = PBXFileReference; fileEncoding = 4; lastKnownFileType = sourcecode.swift; path = FileUtility.swift; sourceTree = "<group>"; };
		18664D1C19E7A8A300F8F9E4 /* Trace.swift */ = {isa = PBXFileReference; fileEncoding = 4; lastKnownFileType = sourcecode.swift; path = Trace.swift; sourceTree = "<group>"; };
		18664D1E19E7A99B00F8F9E4 /* Location.swift */ = {isa = PBXFileReference; fileEncoding = 4; lastKnownFileType = sourcecode.swift; path = Location.swift; sourceTree = "<group>"; };
		18664D2019E7AEA900F8F9E4 /* DataUtil.swift */ = {isa = PBXFileReference; fileEncoding = 4; lastKnownFileType = sourcecode.swift; path = DataUtil.swift; sourceTree = "<group>"; };
		1868122C19E82F0300D989CD /* hamburger.png */ = {isa = PBXFileReference; lastKnownFileType = image.png; path = hamburger.png; sourceTree = "<group>"; };
		187DCBAF19E7CF7300732D46 /* UIKit.framework */ = {isa = PBXFileReference; lastKnownFileType = wrapper.framework; name = UIKit.framework; path = System/Library/Frameworks/UIKit.framework; sourceTree = SDKROOT; };
		18F85D2219E58EF100FDB2E6 /* PinLocation.app */ = {isa = PBXFileReference; explicitFileType = wrapper.application; includeInIndex = 0; path = PinLocation.app; sourceTree = BUILT_PRODUCTS_DIR; };
		18F85D2619E58EF100FDB2E6 /* Info.plist */ = {isa = PBXFileReference; lastKnownFileType = text.plist.xml; path = Info.plist; sourceTree = "<group>"; };
		18F85D2719E58EF100FDB2E6 /* AppDelegate.swift */ = {isa = PBXFileReference; lastKnownFileType = sourcecode.swift; path = AppDelegate.swift; sourceTree = "<group>"; };
		18F85D2E19E58EF100FDB2E6 /* Images.xcassets */ = {isa = PBXFileReference; lastKnownFileType = folder.assetcatalog; path = Images.xcassets; sourceTree = "<group>"; };
		18F85D3419E58EF200FDB2E6 /* PinLocationTests.xctest */ = {isa = PBXFileReference; explicitFileType = wrapper.cfbundle; includeInIndex = 0; path = PinLocationTests.xctest; sourceTree = BUILT_PRODUCTS_DIR; };
		18F85D3919E58EF200FDB2E6 /* Info.plist */ = {isa = PBXFileReference; lastKnownFileType = text.plist.xml; path = Info.plist; sourceTree = "<group>"; };
		18F85D3A19E58EF200FDB2E6 /* PinLocationTests.swift */ = {isa = PBXFileReference; lastKnownFileType = sourcecode.swift; path = PinLocationTests.swift; sourceTree = "<group>"; };
/* End PBXFileReference section */

/* Begin PBXFrameworksBuildPhase section */
		18F85D1F19E58EF100FDB2E6 /* Frameworks */ = {
			isa = PBXFrameworksBuildPhase;
			buildActionMask = 2147483647;
			files = (
				187DCBB019E7CF7300732D46 /* UIKit.framework in Frameworks */,
			);
			runOnlyForDeploymentPostprocessing = 0;
		};
		18F85D3119E58EF200FDB2E6 /* Frameworks */ = {
			isa = PBXFrameworksBuildPhase;
			buildActionMask = 2147483647;
			files = (
			);
			runOnlyForDeploymentPostprocessing = 0;
		};
/* End PBXFrameworksBuildPhase section */

/* Begin PBXGroup section */
		18664D1719E7A72B00F8F9E4 /* View */ = {
			isa = PBXGroup;
			children = (
				1818B3E119E8C1F40025127B /* HomeTableViewCell.swift */,
				1818B3E219E8C1F40025127B /* HomeTableViewCell.xib */,
			);
			name = View;
			sourceTree = "<group>";
		};
		18664D1819E7A73300F8F9E4 /* Controller */ = {
			isa = PBXGroup;
			children = (
				1818B3DD19E8C1AC0025127B /* HomeTableViewController.swift */,
				1818B3DE19E8C1AC0025127B /* HomeTableViewController.xib */,
				1818B3E519E8C25C0025127B /* DrawerContentTableViewController.swift */,
				1818B3E619E8C25C0025127B /* DrawerContentTableViewController.xib */,
			);
			name = Controller;
			sourceTree = "<group>";
		};
		18664D1919E7A73A00F8F9E4 /* Model */ = {
			isa = PBXGroup;
			children = (
				18664D1C19E7A8A300F8F9E4 /* Trace.swift */,
				18664D1E19E7A99B00F8F9E4 /* Location.swift */,
			);
			name = Model;
			sourceTree = "<group>";
		};
		18664D2419E7B24300F8F9E4 /* Util */ = {
			isa = PBXGroup;
			children = (
				1818B3ED19E8D61F0025127B /* FileUtility.swift */,
				1818B3E919E8D5800025127B /* UIImageViewWebExt.swift */,
				18664D2019E7AEA900F8F9E4 /* DataUtil.swift */,
				1818B3D719E8C12D0025127B /* PLDrawerViewController.swift */,
				1818B3D819E8C12D0025127B /* PLDrawerViewController.xib */,
			);
			name = Util;
			sourceTree = "<group>";
		};
		1868122B19E82EE400D989CD /* imgs */ = {
			isa = PBXGroup;
			children = (
				1818B3EB19E8D5E70025127B /* avatar.png */,
				1868122C19E82F0300D989CD /* hamburger.png */,
			);
			name = imgs;
			sourceTree = "<group>";
		};
		18F85D1919E58EF100FDB2E6 = {
			isa = PBXGroup;
			children = (
				187DCBAF19E7CF7300732D46 /* UIKit.framework */,
				18F85D2419E58EF100FDB2E6 /* PinLocation */,
				18F85D3719E58EF200FDB2E6 /* PinLocationTests */,
				18F85D2319E58EF100FDB2E6 /* Products */,
			);
			sourceTree = "<group>";
		};
		18F85D2319E58EF100FDB2E6 /* Products */ = {
			isa = PBXGroup;
			children = (
				18F85D2219E58EF100FDB2E6 /* PinLocation.app */,
				18F85D3419E58EF200FDB2E6 /* PinLocationTests.xctest */,
			);
			name = Products;
			sourceTree = "<group>";
		};
		18F85D2419E58EF100FDB2E6 /* PinLocation */ = {
			isa = PBXGroup;
			children = (
				1868122B19E82EE400D989CD /* imgs */,
				18664D2419E7B24300F8F9E4 /* Util */,
				18664D1919E7A73A00F8F9E4 /* Model */,
				18664D1819E7A73300F8F9E4 /* Controller */,
				18664D1719E7A72B00F8F9E4 /* View */,
				18F85D2719E58EF100FDB2E6 /* AppDelegate.swift */,
				18F85D2E19E58EF100FDB2E6 /* Images.xcassets */,
				18F85D2519E58EF100FDB2E6 /* Supporting Files */,
			);
			path = PinLocation;
			sourceTree = "<group>";
		};
		18F85D2519E58EF100FDB2E6 /* Supporting Files */ = {
			isa = PBXGroup;
			children = (
				18F85D2619E58EF100FDB2E6 /* Info.plist */,
			);
			name = "Supporting Files";
			sourceTree = "<group>";
		};
		18F85D3719E58EF200FDB2E6 /* PinLocationTests */ = {
			isa = PBXGroup;
			children = (
				18F85D3A19E58EF200FDB2E6 /* PinLocationTests.swift */,
				18F85D3819E58EF200FDB2E6 /* Supporting Files */,
			);
			path = PinLocationTests;
			sourceTree = "<group>";
		};
		18F85D3819E58EF200FDB2E6 /* Supporting Files */ = {
			isa = PBXGroup;
			children = (
				18F85D3919E58EF200FDB2E6 /* Info.plist */,
			);
			name = "Supporting Files";
			sourceTree = "<group>";
		};
/* End PBXGroup section */

/* Begin PBXNativeTarget section */
		18F85D2119E58EF100FDB2E6 /* PinLocation */ = {
			isa = PBXNativeTarget;
			buildConfigurationList = 18F85D3E19E58EF200FDB2E6 /* Build configuration list for PBXNativeTarget "PinLocation" */;
			buildPhases = (
				18F85D1E19E58EF100FDB2E6 /* Sources */,
				18F85D1F19E58EF100FDB2E6 /* Frameworks */,
				18F85D2019E58EF100FDB2E6 /* Resources */,
			);
			buildRules = (
			);
			dependencies = (
			);
			name = PinLocation;
			productName = PinLocation;
			productReference = 18F85D2219E58EF100FDB2E6 /* PinLocation.app */;
			productType = "com.apple.product-type.application";
		};
		18F85D3319E58EF200FDB2E6 /* PinLocationTests */ = {
			isa = PBXNativeTarget;
			buildConfigurationList = 18F85D4119E58EF200FDB2E6 /* Build configuration list for PBXNativeTarget "PinLocationTests" */;
			buildPhases = (
				18F85D3019E58EF200FDB2E6 /* Sources */,
				18F85D3119E58EF200FDB2E6 /* Frameworks */,
				18F85D3219E58EF200FDB2E6 /* Resources */,
			);
			buildRules = (
			);
			dependencies = (
				18F85D3619E58EF200FDB2E6 /* PBXTargetDependency */,
				187DCBAB19E7CB0800732D46 /* PBXTargetDependency */,
			);
			name = PinLocationTests;
			productName = PinLocationTests;
			productReference = 18F85D3419E58EF200FDB2E6 /* PinLocationTests.xctest */;
			productType = "com.apple.product-type.bundle.unit-test";
		};
/* End PBXNativeTarget section */

/* Begin PBXProject section */
		18F85D1A19E58EF100FDB2E6 /* Project object */ = {
			isa = PBXProject;
			attributes = {
				LastUpgradeCheck = 0600;
				ORGANIZATIONNAME = SYSU;
				TargetAttributes = {
					18F85D2119E58EF100FDB2E6 = {
						CreatedOnToolsVersion = 6.0;
					};
					18F85D3319E58EF200FDB2E6 = {
						CreatedOnToolsVersion = 6.0;
						TestTargetID = 18F85D2119E58EF100FDB2E6;
					};
				};
			};
			buildConfigurationList = 18F85D1D19E58EF100FDB2E6 /* Build configuration list for PBXProject "PinLocation" */;
			compatibilityVersion = "Xcode 3.2";
			developmentRegion = English;
			hasScannedForEncodings = 0;
			knownRegions = (
				en,
				Base,
			);
			mainGroup = 18F85D1919E58EF100FDB2E6;
			productRefGroup = 18F85D2319E58EF100FDB2E6 /* Products */;
			projectDirPath = "";
			projectRoot = "";
			targets = (
				18F85D2119E58EF100FDB2E6 /* PinLocation */,
				18F85D3319E58EF200FDB2E6 /* PinLocationTests */,
			);
		};
/* End PBXProject section */

/* Begin PBXResourcesBuildPhase section */
		18F85D2019E58EF100FDB2E6 /* Resources */ = {
			isa = PBXResourcesBuildPhase;
			buildActionMask = 2147483647;
			files = (
				1818B3E819E8C25C0025127B /* DrawerContentTableViewController.xib in Resources */,
				1818B3EC19E8D5E70025127B /* avatar.png in Resources */,
				1818B3E019E8C1AC0025127B /* HomeTableViewController.xib in Resources */,
				1868122D19E82F0300D989CD /* hamburger.png in Resources */,
				18F85D2F19E58EF100FDB2E6 /* Images.xcassets in Resources */,
				1818B3E419E8C1F40025127B /* HomeTableViewCell.xib in Resources */,
				1818B3DA19E8C12D0025127B /* PLDrawerViewController.xib in Resources */,
			);
			runOnlyForDeploymentPostprocessing = 0;
		};
		18F85D3219E58EF200FDB2E6 /* Resources */ = {
			isa = PBXResourcesBuildPhase;
			buildActionMask = 2147483647;
			files = (
			);
			runOnlyForDeploymentPostprocessing = 0;
		};
/* End PBXResourcesBuildPhase section */

/* Begin PBXSourcesBuildPhase section */
		18F85D1E19E58EF100FDB2E6 /* Sources */ = {
			isa = PBXSourcesBuildPhase;
			buildActionMask = 2147483647;
			files = (
				1818B3E719E8C25C0025127B /* DrawerContentTableViewController.swift in Sources */,
				1818B3DF19E8C1AC0025127B /* HomeTableViewController.swift in Sources */,
				1818B3D919E8C12D0025127B /* PLDrawerViewController.swift in Sources */,
				1818B3EA19E8D5800025127B /* UIImageViewWebExt.swift in Sources */,
				1818B3EE19E8D61F0025127B /* FileUtility.swift in Sources */,
				18664D2119E7AEA900F8F9E4 /* DataUtil.swift in Sources */,
				1818B3E319E8C1F40025127B /* HomeTableViewCell.swift in Sources */,
				18664D1D19E7A8A300F8F9E4 /* Trace.swift in Sources */,
				18664D1F19E7A99B00F8F9E4 /* Location.swift in Sources */,
				18F85D2819E58EF100FDB2E6 /* AppDelegate.swift in Sources */,
			);
			runOnlyForDeploymentPostprocessing = 0;
		};
		18F85D3019E58EF200FDB2E6 /* Sources */ = {
			isa = PBXSourcesBuildPhase;
			buildActionMask = 2147483647;
			files = (
				18F85D3B19E58EF200FDB2E6 /* PinLocationTests.swift in Sources */,
			);
			runOnlyForDeploymentPostprocessing = 0;
		};
/* End PBXSourcesBuildPhase section */

/* Begin PBXTargetDependency section */
		187DCBAB19E7CB0800732D46 /* PBXTargetDependency */ = {
			isa = PBXTargetDependency;
			target = 18F85D2119E58EF100FDB2E6 /* PinLocation */;
			targetProxy = 187DCBAA19E7CB0800732D46 /* PBXContainerItemProxy */;
		};
		18F85D3619E58EF200FDB2E6 /* PBXTargetDependency */ = {
			isa = PBXTargetDependency;
			target = 18F85D2119E58EF100FDB2E6 /* PinLocation */;
			targetProxy = 18F85D3519E58EF200FDB2E6 /* PBXContainerItemProxy */;
		};
/* End PBXTargetDependency section */

/* Begin XCBuildConfiguration section */
		18F85D3C19E58EF200FDB2E6 /* Debug */ = {
			isa = XCBuildConfiguration;
			buildSettings = {
				ALWAYS_SEARCH_USER_PATHS = NO;
				CLANG_CXX_LANGUAGE_STANDARD = "gnu++0x";
				CLANG_CXX_LIBRARY = "libc++";
				CLANG_ENABLE_MODULES = YES;
				CLANG_ENABLE_OBJC_ARC = YES;
				CLANG_WARN_BOOL_CONVERSION = YES;
				CLANG_WARN_CONSTANT_CONVERSION = YES;
				CLANG_WARN_DIRECT_OBJC_ISA_USAGE = YES_ERROR;
				CLANG_WARN_EMPTY_BODY = YES;
				CLANG_WARN_ENUM_CONVERSION = YES;
				CLANG_WARN_INT_CONVERSION = YES;
				CLANG_WARN_OBJC_ROOT_CLASS = YES_ERROR;
				CLANG_WARN_UNREACHABLE_CODE = YES;
				CLANG_WARN__DUPLICATE_METHOD_MATCH = YES;
				"CODE_SIGN_IDENTITY[sdk=iphoneos*]" = "iPhone Developer";
				COPY_PHASE_STRIP = NO;
				ENABLE_STRICT_OBJC_MSGSEND = YES;
				GCC_C_LANGUAGE_STANDARD = gnu99;
				GCC_DYNAMIC_NO_PIC = NO;
				GCC_OPTIMIZATION_LEVEL = 0;
				GCC_PREPROCESSOR_DEFINITIONS = (
					"DEBUG=1",
					"$(inherited)",
				);
				GCC_SYMBOLS_PRIVATE_EXTERN = NO;
				GCC_WARN_64_TO_32_BIT_CONVERSION = YES;
				GCC_WARN_ABOUT_RETURN_TYPE = YES_ERROR;
				GCC_WARN_UNDECLARED_SELECTOR = YES;
				GCC_WARN_UNINITIALIZED_AUTOS = YES_AGGRESSIVE;
				GCC_WARN_UNUSED_FUNCTION = YES;
				GCC_WARN_UNUSED_VARIABLE = YES;
				IPHONEOS_DEPLOYMENT_TARGET = 8.0;
				MTL_ENABLE_DEBUG_INFO = YES;
				ONLY_ACTIVE_ARCH = YES;
				SDKROOT = iphoneos;
				SWIFT_OPTIMIZATION_LEVEL = "-Onone";
			};
			name = Debug;
		};
		18F85D3D19E58EF200FDB2E6 /* Release */ = {
			isa = XCBuildConfiguration;
			buildSettings = {
				ALWAYS_SEARCH_USER_PATHS = NO;
				CLANG_CXX_LANGUAGE_STANDARD = "gnu++0x";
				CLANG_CXX_LIBRARY = "libc++";
				CLANG_ENABLE_MODULES = YES;
				CLANG_ENABLE_OBJC_ARC = YES;
				CLANG_WARN_BOOL_CONVERSION = YES;
				CLANG_WARN_CONSTANT_CONVERSION = YES;
				CLANG_WARN_DIRECT_OBJC_ISA_USAGE = YES_ERROR;
				CLANG_WARN_EMPTY_BODY = YES;
				CLANG_WARN_ENUM_CONVERSION = YES;
				CLANG_WARN_INT_CONVERSION = YES;
				CLANG_WARN_OBJC_ROOT_CLASS = YES_ERROR;
				CLANG_WARN_UNREACHABLE_CODE = YES;
				CLANG_WARN__DUPLICATE_METHOD_MATCH = YES;
				"CODE_SIGN_IDENTITY[sdk=iphoneos*]" = "iPhone Developer";
				COPY_PHASE_STRIP = YES;
				ENABLE_NS_ASSERTIONS = NO;
				ENABLE_STRICT_OBJC_MSGSEND = YES;
				GCC_C_LANGUAGE_STANDARD = gnu99;
				GCC_WARN_64_TO_32_BIT_CONVERSION = YES;
				GCC_WARN_ABOUT_RETURN_TYPE = YES_ERROR;
				GCC_WARN_UNDECLARED_SELECTOR = YES;
				GCC_WARN_UNINITIALIZED_AUTOS = YES_AGGRESSIVE;
				GCC_WARN_UNUSED_FUNCTION = YES;
				GCC_WARN_UNUSED_VARIABLE = YES;
				IPHONEOS_DEPLOYMENT_TARGET = 8.0;
				MTL_ENABLE_DEBUG_INFO = NO;
				SDKROOT = iphoneos;
				VALIDATE_PRODUCT = YES;
			};
			name = Release;
		};
		18F85D3F19E58EF200FDB2E6 /* Debug */ = {
			isa = XCBuildConfiguration;
			buildSettings = {
				ASSETCATALOG_COMPILER_APPICON_NAME = AppIcon;
				ASSETCATALOG_COMPILER_LAUNCHIMAGE_NAME = LaunchImage;
				INFOPLIST_FILE = PinLocation/Info.plist;
				IPHONEOS_DEPLOYMENT_TARGET = 7.1;
				LD_RUNPATH_SEARCH_PATHS = "$(inherited) @executable_path/Frameworks";
				PRODUCT_NAME = "$(TARGET_NAME)";
			};
			name = Debug;
		};
		18F85D4019E58EF200FDB2E6 /* Release */ = {
			isa = XCBuildConfiguration;
			buildSettings = {
				ASSETCATALOG_COMPILER_APPICON_NAME = AppIcon;
				ASSETCATALOG_COMPILER_LAUNCHIMAGE_NAME = LaunchImage;
				INFOPLIST_FILE = PinLocation/Info.plist;
				IPHONEOS_DEPLOYMENT_TARGET = 7.1;
				LD_RUNPATH_SEARCH_PATHS = "$(inherited) @executable_path/Frameworks";
				PRODUCT_NAME = "$(TARGET_NAME)";
			};
			name = Release;
		};
		18F85D4219E58EF200FDB2E6 /* Debug */ = {
			isa = XCBuildConfiguration;
			buildSettings = {
				BUNDLE_LOADER = "$(BUILT_PRODUCTS_DIR)/PinLocation.app/PinLocation";
				FRAMEWORK_SEARCH_PATHS = (
					"$(SDKROOT)/Developer/Library/Frameworks",
					"$(inherited)",
				);
				GCC_PREPROCESSOR_DEFINITIONS = (
					"DEBUG=1",
					"$(inherited)",
				);
				INFOPLIST_FILE = PinLocationTests/Info.plist;
				LD_RUNPATH_SEARCH_PATHS = "$(inherited) @executable_path/Frameworks @loader_path/Frameworks";
				PRODUCT_NAME = "$(TARGET_NAME)";
				TEST_HOST = "$(BUNDLE_LOADER)";
			};
			name = Debug;
		};
		18F85D4319E58EF200FDB2E6 /* Release */ = {
			isa = XCBuildConfiguration;
			buildSettings = {
				BUNDLE_LOADER = "$(BUILT_PRODUCTS_DIR)/PinLocation.app/PinLocation";
				FRAMEWORK_SEARCH_PATHS = (
					"$(SDKROOT)/Developer/Library/Frameworks",
					"$(inherited)",
				);
				INFOPLIST_FILE = PinLocationTests/Info.plist;
				LD_RUNPATH_SEARCH_PATHS = "$(inherited) @executable_path/Frameworks @loader_path/Frameworks";
				PRODUCT_NAME = "$(TARGET_NAME)";
				TEST_HOST = "$(BUNDLE_LOADER)";
			};
			name = Release;
		};
/* End XCBuildConfiguration section */

/* Begin XCConfigurationList section */
		18F85D1D19E58EF100FDB2E6 /* Build configuration list for PBXProject "PinLocation" */ = {
			isa = XCConfigurationList;
			buildConfigurations = (
				18F85D3C19E58EF200FDB2E6 /* Debug */,
				18F85D3D19E58EF200FDB2E6 /* Release */,
			);
			defaultConfigurationIsVisible = 0;
			defaultConfigurationName = Release;
		};
		18F85D3E19E58EF200FDB2E6 /* Build configuration list for PBXNativeTarget "PinLocation" */ = {
			isa = XCConfigurationList;
			buildConfigurations = (
				18F85D3F19E58EF200FDB2E6 /* Debug */,
				18F85D4019E58EF200FDB2E6 /* Release */,
			);
			defaultConfigurationIsVisible = 0;
			defaultConfigurationName = Release;
		};
		18F85D4119E58EF200FDB2E6 /* Build configuration list for PBXNativeTarget "PinLocationTests" */ = {
			isa = XCConfigurationList;
			buildConfigurations = (
				18F85D4219E58EF200FDB2E6 /* Debug */,
				18F85D4319E58EF200FDB2E6 /* Release */,
			);
			defaultConfigurationIsVisible = 0;
			defaultConfigurationName = Release;
		};
/* End XCConfigurationList section */
	};
	rootObject = 18F85D1A19E58EF100FDB2E6 /* Project object */;
}
